# THIS IS AN AUTOGENERATED FILE. DO NOT EDIT.
# yarn lockfile v1

"@ffmpeg-installer/ffmpeg@^1.1.0":
  version "1.1.0"
  resolved "https://registry.yarnpkg.com/@ffmpeg-installer/ffmpeg/-/ffmpeg-1.1.0.tgz#b2f9e8939fa7e9d69e4b189f1dc6e4c9a12d04ad"
  integrity sha512-Q3FFyUz5q3VZUKlVrk0n7Th4T0p+9+IydTIXwQK8XkvI+/gKbgimECitw6z5zKq6RjhO3t8qQ5H5u7EoK4PhZg==
  dependencies:
    "@ffmpeg-installer/win32-x64" "4.1.0"

"@ffmpeg-installer/win32-x64@4.1.0":
  version "4.1.0"
  resolved "https://registry.yarnpkg.com/@ffmpeg-installer/win32-x64/-/win32-x64-4.1.0.tgz#4df5b0aa4b1a0e03f1c1ce4b9b8fba29a0a3a8c9"
  integrity sha512-lK60R2O0E2tCfy6aBfMFHjHu8qgO9U7clE3vEz+ZrZtZyUOrqv7sx8XTrP+zH9n5zqCsuYNlpYJvNBLhYhxrBA==

cors@^2.8.5:
  version "2.8.5"
  resolved "https://registry.yarnpkg.com/cors/-/cors-2.8.5.tgz#b7a2b99ffb91d4f8581c1f1b0a43b693b1777e6d"
  integrity sha512-KQZ3XOKXzU+6CwXx4/2o1z3VmzF1lwDUs3MZn5jOfvXFnD4Uj4OrkKbk6A8Fd0ovIuLHTMJWfsfTVsUGYw2hxA==
  dependencies:
    object-assign "^4"
    vary "^1"

express@^4.19.2:
  version "4.19.2"
  resolved "https://registry.yarnpkg.com/express/-/express-4.19.2.tgz#e51f6e3562b2e3aacf6d0bda324c2b2cf9f87f1a"
  integrity sha512-H7g0xRkEvfw5ec0L7TFdh7jZzFq1NNgf02dk3shBIjEYyFYiZ4+eGdM+Gwv2/wZg7oqvMTwOEyFtYyEvg8Teaw==
  dependencies:
    accepts "~1.3.8"
    array-flatten "1.1.1"
    body-parser "1.20.2"
    content-disposition "0.5.4"
    cookie "0.6.0"
    debug "2.6.9"
    depd "2.0.0"
    encodeurl "~1.0.2"
    escape-html "~1.0.3"
    etag "~1.8.1"
    finalhandler "~1.2.0"
    fresh "0.5.2"
    http-errors "2.0.0"
    merge-descriptors "1.0.1"
    methods "~1.1.2"
    on-finished "~2.4.1"
    parseurl "~1.3.3"
    path-to-regexp "0.1.7"
    proxy-addr "~2.0.7"
    qs "6.11.0"
    range-parser "~1.2.1"
    safe-buffer "5.2.1"
    send "0.18.0"
    serve-static "1.15.0"
    setprototypeof "1.2.0"
    statuses "2.0.1"
    type-is "~1.6.18"
    utils-merge "1.0.1"
    vary "~1.1.2"

uuid@^9.0.1:
  version "9.0.1"
  resolved "https://registry.yarnpkg.com/uuid/-/uuid-9.0.1.tgz#c4eab39b9497ec397c0e9ee8e596061f5f3aa3b7"
  integrity sha512-cCEPfK29QWZzkF9YlVb6Lo3+bQQ3vCk3dUDDMlA4rP8n5vY5p8z5eWb7hE9oGg6TbAGtGx6d2xTXne+3pZsl+Q==
